
Microsoft Visual Studio Solution File, Format Version 12.00
# Visual Studio Version 17
VisualStudioVersion = 17.10.34928.147
MinimumVisualStudioVersion = 10.0.40219.1
Project("{FAE04EC0-301F-11D3-BF4B-00C04F79EFBC}") = "CacheableSettings.Library", "CacheableSettings.Library\CacheableSettings.Library.csproj", "{C309CAE0-41F3-4FDE-8059-AC9B3DC9D67C}"
EndProject
Global
	GlobalSection(SolutionConfigurationPlatforms) = preSolution
		Debug|Any CPU = Debug|Any CPU
		Release|Any CPU = Release|Any CPU
	EndGlobalSection
	GlobalSection(ProjectConfigurationPlatforms) = postSolution
		{C309CAE0-41F3-4FDE-8059-AC9B3DC9D67C}.Debug|Any CPU.ActiveCfg = Debug|Any CPU
		{C309CAE0-41F3-4FDE-8059-AC9B3DC9D67C}.Debug|Any CPU.Build.0 = Debug|Any CPU
		{C309CAE0-41F3-4FDE-8059-AC9B3DC9D67C}.Release|Any CPU.ActiveCfg = Release|Any CPU
		{C309CAE0-41F3-4FDE-8059-AC9B3DC9D67C}.Release|Any CPU.Build.0 = Release|Any CPU
	EndGlobalSection
	GlobalSection(SolutionProperties) = preSolution
		HideSolutionNode = FALSE
	EndGlobalSection
	GlobalSection(ExtensibilityGlobals) = postSolution
		SolutionGuid = {917E2700-78D3-4479-8F64-92B630A3DB44}
	EndGlobalSection
EndGlobal
